{
  "pins" : [
    {
      "identity" : "mparticle-apple-sdk",
      "kind" : "remoteSourceControl",
      "location" : "https://github.com/mParticle/mparticle-apple-sdk",
      "state" : {
        "branch" : "workstation/9.0-Release",
        "revision" : "71a9df9dc262b4f4cc21d3926cee4c11727479f9"
      }
    },
    {
      "identity" : "ocmock",
      "kind" : "remoteSourceControl",
      "location" : "https://github.com/erikdoe/ocmock",
      "state" : {
        "branch" : "master",
        "revision" : "7f6e9e9b6c9ffa19a9040860da9f7a1f202b9f4d"
      }
    },
    {
      "identity" : "rokt-sdk-ios",
      "kind" : "remoteSourceControl",
      "location" : "https://github.com/ROKT/rokt-sdk-ios",
      "state" : {
        "revision" : "ec1fc1b2b0558793d19c518f76a7fb21b72d1bb5",
        "version" : "4.16.2"
      }
    }
  ],
  "version" : 2
}
