// !$*UTF8*$!
{
	archiveVersion = 1;
	classes = {
	};
	objectVersion = 46;
	objects = {

/* Begin PBXBuildFile section */
		DB623AA11CC18B0100AE340E /* AppDelegate.swift in Sources */ = {isa = PBXBuildFile; fileRef = DB623AA01CC18B0100AE340E /* AppDelegate.swift */; };
		DB623AA31CC18B0100AE340E /* ViewController.swift in Sources */ = {isa = PBXBuildFile; fileRef = DB623AA21CC18B0100AE340E /* ViewController.swift */; };
		DB623AA61CC18B0200AE340E /* Main.storyboard in Resources */ = {isa = PBXBuildFile; fileRef = DB623AA41CC18B0200AE340E /* Main.storyboard */; };
		DB623AA81CC18B0200AE340E /* Assets.xcassets in Resources */ = {isa = PBXBuildFile; fileRef = DB623AA71CC18B0200AE340E /* Assets.xcassets */; };
		DB623AAB1CC18B0200AE340E /* LaunchScreen.storyboard in Resources */ = {isa = PBXBuildFile; fileRef = DB623AA91CC18B0200AE340E /* LaunchScreen.storyboard */; };
		DB623AB51CC18ED500AE340E /* mParticle_Apple_SDK.framework in Frameworks */ = {isa = PBXBuildFile; fileRef = DB623AB41CC18ED500AE340E /* mParticle_Apple_SDK.framework */; };
/* End PBXBuildFile section */

/* Begin PBXFileReference section */
		DB623A9D1CC18B0100AE340E /* CarthageExample.app */ = {isa = PBXFileReference; explicitFileType = wrapper.application; includeInIndex = 0; path = CarthageExample.app; sourceTree = BUILT_PRODUCTS_DIR; };
		DB623AA01CC18B0100AE340E /* AppDelegate.swift */ = {isa = PBXFileReference; lastKnownFileType = sourcecode.swift; path = AppDelegate.swift; sourceTree = "<group>"; };
		DB623AA21CC18B0100AE340E /* ViewController.swift */ = {isa = PBXFileReference; lastKnownFileType = sourcecode.swift; path = ViewController.swift; sourceTree = "<group>"; };
		DB623AA51CC18B0200AE340E /* Base */ = {isa = PBXFileReference; lastKnownFileType = file.storyboard; name = Base; path = Base.lproj/Main.storyboard; sourceTree = "<group>"; };
		DB623AA71CC18B0200AE340E /* Assets.xcassets */ = {isa = PBXFileReference; lastKnownFileType = folder.assetcatalog; path = Assets.xcassets; sourceTree = "<group>"; };
		DB623AAA1CC18B0200AE340E /* Base */ = {isa = PBXFileReference; lastKnownFileType = file.storyboard; name = Base; path = Base.lproj/LaunchScreen.storyboard; sourceTree = "<group>"; };
		DB623AAC1CC18B0200AE340E /* Info.plist */ = {isa = PBXFileReference; lastKnownFileType = text.plist.xml; path = Info.plist; sourceTree = "<group>"; };
		DB623AB41CC18ED500AE340E /* mParticle_Apple_SDK.framework */ = {isa = PBXFileReference; lastKnownFileType = wrapper.framework; name = mParticle_Apple_SDK.framework; path = Carthage/Build/iOS/mParticle_Apple_SDK.framework; sourceTree = "<group>"; };
/* End PBXFileReference section */

/* Begin PBXFrameworksBuildPhase section */
		DB623A9A1CC18B0100AE340E /* Frameworks */ = {
			isa = PBXFrameworksBuildPhase;
			buildActionMask = 2147483647;
			files = (
				DB623AB51CC18ED500AE340E /* mParticle_Apple_SDK.framework in Frameworks */,
			);
			runOnlyForDeploymentPostprocessing = 0;
		};
/* End PBXFrameworksBuildPhase section */

/* Begin PBXGroup section */
		DB623A941CC18B0100AE340E = {
			isa = PBXGroup;
			children = (
				DB623AB41CC18ED500AE340E /* mParticle_Apple_SDK.framework */,
				DB623A9F1CC18B0100AE340E /* CarthageExample */,
				DB623A9E1CC18B0100AE340E /* Products */,
			);
			sourceTree = "<group>";
		};
		DB623A9E1CC18B0100AE340E /* Products */ = {
			isa = PBXGroup;
			children = (
				DB623A9D1CC18B0100AE340E /* CarthageExample.app */,
			);
			name = Products;
			sourceTree = "<group>";
		};
		DB623A9F1CC18B0100AE340E /* CarthageExample */ = {
			isa = PBXGroup;
			children = (
				DB623AA01CC18B0100AE340E /* AppDelegate.swift */,
				DB623AA21CC18B0100AE340E /* ViewController.swift */,
				DB623AA41CC18B0200AE340E /* Main.storyboard */,
				DB623AA71CC18B0200AE340E /* Assets.xcassets */,
				DB623AA91CC18B0200AE340E /* LaunchScreen.storyboard */,
				DB623AAC1CC18B0200AE340E /* Info.plist */,
			);
			path = CarthageExample;
			sourceTree = "<group>";
		};
/* End PBXGroup section */

/* Begin PBXNativeTarget section */
		DB623A9C1CC18B0100AE340E /* CarthageExample */ = {
			isa = PBXNativeTarget;
			buildConfigurationList = DB623AAF1CC18B0200AE340E /* Build configuration list for PBXNativeTarget "CarthageExample" */;
			buildPhases = (
				DB623A991CC18B0100AE340E /* Sources */,
				DB623A9A1CC18B0100AE340E /* Frameworks */,
				DB623A9B1CC18B0100AE340E /* Resources */,
				DB623AB61CC18F5D00AE340E /* ShellScript */,
			);
			buildRules = (
			);
			dependencies = (
			);
			name = CarthageExample;
			productName = CarthageExample;
			productReference = DB623A9D1CC18B0100AE340E /* CarthageExample.app */;
			productType = "com.apple.product-type.application";
		};
/* End PBXNativeTarget section */

/* Begin PBXProject section */
		DB623A951CC18B0100AE340E /* Project object */ = {
			isa = PBXProject;
			attributes = {
				LastSwiftUpdateCheck = 0730;
				LastUpgradeCheck = 0730;
				ORGANIZATIONNAME = mParticle;
				TargetAttributes = {
					DB623A9C1CC18B0100AE340E = {
						CreatedOnToolsVersion = 7.3;
						DevelopmentTeam = Q948K5LXGZ;
					};
				};
			};
			buildConfigurationList = DB623A981CC18B0100AE340E /* Build configuration list for PBXProject "CarthageExample" */;
			compatibilityVersion = "Xcode 3.2";
			developmentRegion = English;
			hasScannedForEncodings = 0;
			knownRegions = (
				en,
				Base,
			);
			mainGroup = DB623A941CC18B0100AE340E;
			productRefGroup = DB623A9E1CC18B0100AE340E /* Products */;
			projectDirPath = "";
			projectRoot = "";
			targets = (
				DB623A9C1CC18B0100AE340E /* CarthageExample */,
			);
		};
/* End PBXProject section */

/* Begin PBXResourcesBuildPhase section */
		DB623A9B1CC18B0100AE340E /* Resources */ = {
			isa = PBXResourcesBuildPhase;
			buildActionMask = 2147483647;
			files = (
				DB623AAB1CC18B0200AE340E /* LaunchScreen.storyboard in Resources */,
				DB623AA81CC18B0200AE340E /* Assets.xcassets in Resources */,
				DB623AA61CC18B0200AE340E /* Main.storyboard in Resources */,
			);
			runOnlyForDeploymentPostprocessing = 0;
		};
/* End PBXResourcesBuildPhase section */

/* Begin PBXShellScriptBuildPhase section */
		DB623AB61CC18F5D00AE340E /* ShellScript */ = {
			isa = PBXShellScriptBuildPhase;
			buildActionMask = 2147483647;
			files = (
			);
			inputPaths = (
				"$(SRCROOT)/Carthage/Build/iOS/mParticle_Apple_SDK.framework",
			);
			outputPaths = (
			);
			runOnlyForDeploymentPostprocessing = 0;
			shellPath = /bin/sh;
			shellScript = "/usr/local/bin/carthage copy-frameworks";
		};
/* End PBXShellScriptBuildPhase section */

/* Begin PBXSourcesBuildPhase section */
		DB623A991CC18B0100AE340E /* Sources */ = {
			isa = PBXSourcesBuildPhase;
			buildActionMask = 2147483647;
			files = (
				DB623AA31CC18B0100AE340E /* ViewController.swift in Sources */,
				DB623AA11CC18B0100AE340E /* AppDelegate.swift in Sources */,
			);
			runOnlyForDeploymentPostprocessing = 0;
		};
/* End PBXSourcesBuildPhase section */

/* Begin PBXVariantGroup section */
		DB623AA41CC18B0200AE340E /* Main.storyboard */ = {
			isa = PBXVariantGroup;
			children = (
				DB623AA51CC18B0200AE340E /* Base */,
			);
			name = Main.storyboard;
			sourceTree = "<group>";
		};
		DB623AA91CC18B0200AE340E /* LaunchScreen.storyboard */ = {
			isa = PBXVariantGroup;
			children = (
				DB623AAA1CC18B0200AE340E /* Base */,
			);
			name = LaunchScreen.storyboard;
			sourceTree = "<group>";
		};
/* End PBXVariantGroup section */

/* Begin XCBuildConfiguration section */
		DB623AAD1CC18B0200AE340E /* Debug */ = {
			isa = XCBuildConfiguration;
			buildSettings = {
				ALWAYS_SEARCH_USER_PATHS = NO;
				CLANG_ANALYZER_NONNULL = YES;
				CLANG_CXX_LANGUAGE_STANDARD = "gnu++0x";
				CLANG_CXX_LIBRARY = "libc++";
				CLANG_ENABLE_MODULES = YES;
				CLANG_ENABLE_OBJC_ARC = YES;
				CLANG_WARN_BOOL_CONVERSION = YES;
				CLANG_WARN_CONSTANT_CONVERSION = YES;
				CLANG_WARN_DIRECT_OBJC_ISA_USAGE = YES_ERROR;
				CLANG_WARN_EMPTY_BODY = YES;
				CLANG_WARN_ENUM_CONVERSION = YES;
				CLANG_WARN_INT_CONVERSION = YES;
				CLANG_WARN_OBJC_ROOT_CLASS = YES_ERROR;
				CLANG_WARN_UNREACHABLE_CODE = YES;
				CLANG_WARN__DUPLICATE_METHOD_MATCH = YES;
				"CODE_SIGN_IDENTITY[sdk=iphoneos*]" = "iPhone Developer";
				COPY_PHASE_STRIP = NO;
				DEBUG_INFORMATION_FORMAT = dwarf;
				ENABLE_STRICT_OBJC_MSGSEND = YES;
				ENABLE_TESTABILITY = YES;
				GCC_C_LANGUAGE_STANDARD = gnu99;
				GCC_DYNAMIC_NO_PIC = NO;
				GCC_NO_COMMON_BLOCKS = YES;
				GCC_OPTIMIZATION_LEVEL = 0;
				GCC_PREPROCESSOR_DEFINITIONS = (
					"DEBUG=1",
					"$(inherited)",
				);
				GCC_WARN_64_TO_32_BIT_CONVERSION = YES;
				GCC_WARN_ABOUT_RETURN_TYPE = YES_ERROR;
				GCC_WARN_UNDECLARED_SELECTOR = YES;
				GCC_WARN_UNINITIALIZED_AUTOS = YES_AGGRESSIVE;
				GCC_WARN_UNUSED_FUNCTION = YES;
				GCC_WARN_UNUSED_VARIABLE = YES;
				IPHONEOS_DEPLOYMENT_TARGET = 9.3;
				MTL_ENABLE_DEBUG_INFO = YES;
				ONLY_ACTIVE_ARCH = YES;
				SDKROOT = iphoneos;
				SWIFT_OPTIMIZATION_LEVEL = "-Onone";
				TARGETED_DEVICE_FAMILY = "1,2";
			};
			name = Debug;
		};
		DB623AAE1CC18B0200AE340E /* Release */ = {
			isa = XCBuildConfiguration;
			buildSettings = {
				ALWAYS_SEARCH_USER_PATHS = NO;
				CLANG_ANALYZER_NONNULL = YES;
				CLANG_CXX_LANGUAGE_STANDARD = "gnu++0x";
				CLANG_CXX_LIBRARY = "libc++";
				CLANG_ENABLE_MODULES = YES;
				CLANG_ENABLE_OBJC_ARC = YES;
				CLANG_WARN_BOOL_CONVERSION = YES;
				CLANG_WARN_CONSTANT_CONVERSION = YES;
				CLANG_WARN_DIRECT_OBJC_ISA_USAGE = YES_ERROR;
				CLANG_WARN_EMPTY_BODY = YES;
				CLANG_WARN_ENUM_CONVERSION = YES;
				CLANG_WARN_INT_CONVERSION = YES;
				CLANG_WARN_OBJC_ROOT_CLASS = YES_ERROR;
				CLANG_WARN_UNREACHABLE_CODE = YES;
				CLANG_WARN__DUPLICATE_METHOD_MATCH = YES;
				"CODE_SIGN_IDENTITY[sdk=iphoneos*]" = "iPhone Developer";
				COPY_PHASE_STRIP = NO;
				DEBUG_INFORMATION_FORMAT = "dwarf-with-dsym";
				ENABLE_NS_ASSERTIONS = NO;
				ENABLE_STRICT_OBJC_MSGSEND = YES;
				GCC_C_LANGUAGE_STANDARD = gnu99;
				GCC_NO_COMMON_BLOCKS = YES;
				GCC_WARN_64_TO_32_BIT_CONVERSION = YES;
				GCC_WARN_ABOUT_RETURN_TYPE = YES_ERROR;
				GCC_WARN_UNDECLARED_SELECTOR = YES;
				GCC_WARN_UNINITIALIZED_AUTOS = YES_AGGRESSIVE;
				GCC_WARN_UNUSED_FUNCTION = YES;
				GCC_WARN_UNUSED_VARIABLE = YES;
				IPHONEOS_DEPLOYMENT_TARGET = 9.3;
				MTL_ENABLE_DEBUG_INFO = NO;
				SDKROOT = iphoneos;
				TARGETED_DEVICE_FAMILY = "1,2";
				VALIDATE_PRODUCT = YES;
			};
			name = Release;
		};
		DB623AB01CC18B0200AE340E /* Debug */ = {
			isa = XCBuildConfiguration;
			buildSettings = {
				ASSETCATALOG_COMPILER_APPICON_NAME = AppIcon;
				FRAMEWORK_SEARCH_PATHS = (
					"$(inherited)",
					"$(PROJECT_DIR)/Carthage/Build/iOS",
				);
				INFOPLIST_FILE = CarthageExample/Info.plist;
				LD_RUNPATH_SEARCH_PATHS = "$(inherited) @executable_path/Frameworks";
				PRODUCT_BUNDLE_IDENTIFIER = com.mparticle.CarthageExample;
				PRODUCT_NAME = "$(TARGET_NAME)";
			};
			name = Debug;
		};
		DB623AB11CC18B0200AE340E /* Release */ = {
			isa = XCBuildConfiguration;
			buildSettings = {
				ASSETCATALOG_COMPILER_APPICON_NAME = AppIcon;
				FRAMEWORK_SEARCH_PATHS = (
					"$(inherited)",
					"$(PROJECT_DIR)/Carthage/Build/iOS",
				);
				INFOPLIST_FILE = CarthageExample/Info.plist;
				LD_RUNPATH_SEARCH_PATHS = "$(inherited) @executable_path/Frameworks";
				PRODUCT_BUNDLE_IDENTIFIER = com.mparticle.CarthageExample;
				PRODUCT_NAME = "$(TARGET_NAME)";
			};
			name = Release;
		};
/* End XCBuildConfiguration section */

/* Begin XCConfigurationList section */
		DB623A981CC18B0100AE340E /* Build configuration list for PBXProject "CarthageExample" */ = {
			isa = XCConfigurationList;
			buildConfigurations = (
				DB623AAD1CC18B0200AE340E /* Debug */,
				DB623AAE1CC18B0200AE340E /* Release */,
			);
			defaultConfigurationIsVisible = 0;
			defaultConfigurationName = Release;
		};
		DB623AAF1CC18B0200AE340E /* Build configuration list for PBXNativeTarget "CarthageExample" */ = {
			isa = XCConfigurationList;
			buildConfigurations = (
				DB623AB01CC18B0200AE340E /* Debug */,
				DB623AB11CC18B0200AE340E /* Release */,
			);
			defaultConfigurationIsVisible = 0;
			defaultConfigurationName = Release;
		};
/* End XCConfigurationList section */
	};
	rootObject = DB623A951CC18B0100AE340E /* Project object */;
}
