{
  "pins" : [
    {
      "identity" : "localytics-swiftpm",
      "kind" : "remoteSourceControl",
      "location" : "https://github.com/localytics/Localytics-swiftpm",
      "state" : {
        "revision" : "902ad07a6fe97ed7b2285097511c30893970d9fd",
        "version" : "7.0.1"
      }
    },
    {
      "identity" : "mparticle-apple-sdk",
      "kind" : "remoteSourceControl",
      "location" : "https://github.com/mParticle/mparticle-apple-sdk",
      "state" : {
        "branch" : "workstation/9.0-Release",
        "revision" : "0c0adab6e737dedfcfdacface09b30ec4a7d1bc0"
      }
    }
  ],
  "version" : 2
}
