{
  "pins" : [
    {
      "identity" : "apptentive-kit-ios",
      "kind" : "remoteSourceControl",
      "location" : "https://github.com/apptentive/apptentive-kit-ios",
      "state" : {
        "revision" : "ac4b2e4108c452aaa2689ca5af058032a5262800",
        "version" : "6.6.0"
      }
    },
    {
      "identity" : "mparticle-apple-sdk",
      "kind" : "remoteSourceControl",
      "location" : "https://github.com/mParticle/mparticle-apple-sdk",
      "state" : {
        "branch" : "workstation/9.0-Release",
        "revision" : "851b224294a4b365940a962591afcae9e5e1e98e"
      }
    }
  ],
  "version" : 2
}
