{
  "originHash" : "d10621051b2ac079bb9f52858baaceb0415e24d96ef6316c8a3c0f50d2f920da",
  "pins" : [
    {
      "identity" : "braze-swift-sdk",
      "kind" : "remoteSourceControl",
      "location" : "https://github.com/braze-inc/braze-swift-sdk",
      "state" : {
        "revision" : "0dd962407eacf857b3555c4c3d948adf3544b0fc",
        "version" : "9.3.1"
      }
    },
    {
      "identity" : "ocmock",
      "kind" : "remoteSourceControl",
      "location" : "https://github.com/erikdoe/ocmock",
      "state" : {
        "branch" : "master",
        "revision" : "7f6e9e9b6c9ffa19a9040860da9f7a1f202b9f4d"
      }
    },
    {
      "identity" : "sdwebimage",
      "kind" : "remoteSourceControl",
      "location" : "https://github.com/SDWebImage/SDWebImage.git",
      "state" : {
        "revision" : "449e8f8f10377f620db8ad22ea81208eecf6325f",
        "version" : "5.21.6"
      }
    }
  ],
  "version" : 3
}
