{
  "pins" : [
    {
      "identity" : "mparticle-apple-sdk",
      "kind" : "remoteSourceControl",
      "location" : "https://github.com/mParticle/mparticle-apple-sdk",
      "state" : {
        "branch" : "workstation/9.0-Release",
        "revision" : "10c535a4c61697008907f1ea1e7e7ee615c59f45"
      }
    },
    {
      "identity" : "otpublishersheadlesssdk",
      "kind" : "remoteSourceControl",
      "location" : "https://github.com/Zentrust/OTPublishersHeadlessSDK",
      "state" : {
        "revision" : "07563751f7cb6aaed633045d57e3fdc2fd0efbcb",
        "version" : "202602.1.2"
      }
    },
    {
      "identity" : "otpublishersheadlesssdktvos",
      "kind" : "remoteSourceControl",
      "location" : "https://github.com/Zentrust/OTPublishersHeadlessSDKtvOS",
      "state" : {
        "revision" : "a42222377c7578e403a10fc76f14323c1dff74c2",
        "version" : "202602.1.2"
      }
    }
  ],
  "version" : 2
}
