// !$*UTF8*$!
{
	archiveVersion = 1;
	classes = {
	};
	objectVersion = 60;
	objects = {

/* Begin PBXBuildFile section */
		A30010001F50000000000001 /* MPKitApptimize.m in Sources */ = {isa = PBXBuildFile; fileRef = A30020001F50000000000001 /* MPKitApptimize.m */; };
		A30010002F50000000000002 /* MPKitApptimize.h in Headers */ = {isa = PBXBuildFile; fileRef = A30020002F50000000000002 /* MPKitApptimize.h */; settings = {ATTRIBUTES = (Public, ); }; };
		A30010003F50000000000003 /* mParticle_Apptimize.h in Headers */ = {isa = PBXBuildFile; fileRef = A30020003F50000000000003 /* mParticle_Apptimize.h */; settings = {ATTRIBUTES = (Public, ); }; };
		A30010004F50000000000004 /* PrivacyInfo.xcprivacy in Resources */ = {isa = PBXBuildFile; fileRef = A30020004F50000000000004 /* PrivacyInfo.xcprivacy */; };
		A30010005F50000000000005 /* mParticle-Apple-SDK in Frameworks */ = {isa = PBXBuildFile; productRef = A30030001F50000000000001 /* mParticle-Apple-SDK */; };
		A30010006F50000000000006 /* Apptimize in Frameworks */ = {isa = PBXBuildFile; productRef = A30030002F50000000000002 /* Apptimize */; };
/* End PBXBuildFile section */

/* Begin PBXFileReference section */
		A30020001F50000000000001 /* MPKitApptimize.m */ = {isa = PBXFileReference; fileEncoding = 4; lastKnownFileType = sourcecode.c.objc; path = MPKitApptimize.m; sourceTree = "<group>"; };
		A30020002F50000000000002 /* MPKitApptimize.h */ = {isa = PBXFileReference; fileEncoding = 4; lastKnownFileType = sourcecode.c.h; path = MPKitApptimize.h; sourceTree = "<group>"; };
		A30020003F50000000000003 /* mParticle_Apptimize.h */ = {isa = PBXFileReference; fileEncoding = 4; lastKnownFileType = sourcecode.c.h; path = mParticle_Apptimize.h; sourceTree = "<group>"; };
		A30020004F50000000000004 /* PrivacyInfo.xcprivacy */ = {isa = PBXFileReference; fileEncoding = 4; lastKnownFileType = text.xml; path = PrivacyInfo.xcprivacy; sourceTree = "<group>"; };
		A30020005F50000000000005 /* Info.plist */ = {isa = PBXFileReference; fileEncoding = 4; lastKnownFileType = text.plist.xml; path = Info.plist; sourceTree = "<group>"; };
		A30020006F50000000000006 /* mParticle_Apptimize.framework */ = {isa = PBXFileReference; explicitFileType = wrapper.framework; includeInIndex = 0; path = mParticle_Apptimize.framework; sourceTree = BUILT_PRODUCTS_DIR; };
/* End PBXFileReference section */

/* Begin PBXFrameworksBuildPhase section */
		A30040001F50000000000001 /* Frameworks */ = {
			isa = PBXFrameworksBuildPhase;
			buildActionMask = 2147483647;
			files = (
				A30010005F50000000000005 /* mParticle-Apple-SDK in Frameworks */,
				A30010006F50000000000006 /* Apptimize in Frameworks */,
			);
			runOnlyForDeploymentPostprocessing = 0;
		};
/* End PBXFrameworksBuildPhase section */

/* Begin PBXGroup section */
		A30050001F50000000000001 /* Sources */ = {
			isa = PBXGroup;
			children = (
				A30050002F50000000000002 /* mParticle-Apptimize */,
			);
			path = Sources;
			sourceTree = "<group>";
		};
		A30050002F50000000000002 /* mParticle-Apptimize */ = {
			isa = PBXGroup;
			children = (
				A30050003F50000000000003 /* include */,
				A30020001F50000000000001 /* MPKitApptimize.m */,
				A30020004F50000000000004 /* PrivacyInfo.xcprivacy */,
				A30020005F50000000000005 /* Info.plist */,
			);
			path = "mParticle-Apptimize";
			sourceTree = "<group>";
		};
		A30050003F50000000000003 /* include */ = {
			isa = PBXGroup;
			children = (
				A30020002F50000000000002 /* MPKitApptimize.h */,
				A30020003F50000000000003 /* mParticle_Apptimize.h */,
			);
			path = include;
			sourceTree = "<group>";
		};
		A30050004F50000000000004 = {
			isa = PBXGroup;
			children = (
				A30050001F50000000000001 /* Sources */,
				A30050005F50000000000005 /* Products */,
			);
			sourceTree = "<group>";
		};
		A30050005F50000000000005 /* Products */ = {
			isa = PBXGroup;
			children = (
				A30020006F50000000000006 /* mParticle_Apptimize.framework */,
			);
			name = Products;
			sourceTree = "<group>";
		};
/* End PBXGroup section */

/* Begin PBXHeadersBuildPhase section */
		A30040002F50000000000002 /* Headers */ = {
			isa = PBXHeadersBuildPhase;
			buildActionMask = 2147483647;
			files = (
				A30010002F50000000000002 /* MPKitApptimize.h in Headers */,
				A30010003F50000000000003 /* mParticle_Apptimize.h in Headers */,
			);
			runOnlyForDeploymentPostprocessing = 0;
		};
/* End PBXHeadersBuildPhase section */

/* Begin PBXNativeTarget section */
		A30060001F50000000000001 /* mParticle-Apptimize */ = {
			isa = PBXNativeTarget;
			buildConfigurationList = A30070002F50000000000002 /* Build configuration list for PBXNativeTarget "mParticle-Apptimize" */;
			buildPhases = (
				A30040003F50000000000003 /* Sources */,
				A30040001F50000000000001 /* Frameworks */,
				A30040002F50000000000002 /* Headers */,
				A30040004F50000000000004 /* Resources */,
			);
			buildRules = (
			);
			dependencies = (
			);
			name = "mParticle-Apptimize";
			packageProductDependencies = (
				A30030001F50000000000001 /* mParticle-Apple-SDK */,
				A30030002F50000000000002 /* Apptimize */,
			);
			productName = "mParticle-Apptimize";
			productReference = A30020006F50000000000006 /* mParticle_Apptimize.framework */;
			productType = "com.apple.product-type.framework";
		};
/* End PBXNativeTarget section */

/* Begin PBXProject section */
		A30080001F50000000000001 /* Project object */ = {
			isa = PBXProject;
			attributes = {
				LastUpgradeCheck = 1600;
				ORGANIZATIONNAME = mParticle;
			};
			buildConfigurationList = A30090001F50000000000002 /* Build configuration list for PBXProject "mParticle-Apptimize" */;
			compatibilityVersion = "Xcode 3.2";
			developmentRegion = en;
			hasScannedForEncodings = 0;
			knownRegions = (
				en,
				Base,
			);
			mainGroup = A30050004F50000000000004;
			packageReferences = (
				A300A001F50000000000001 /* XCLocalSwiftPackageReference "../../.." */,
				A300A002F50000000000002 /* XCRemoteSwiftPackageReference "apptimize-ios-kit" */,
			);
			productRefGroup = A30050005F50000000000005 /* Products */;
			projectDirPath = "";
			projectRoot = "";
			targets = (A30060001F50000000000001 /* mParticle-Apptimize */);
		};
/* End PBXProject section */

/* Begin PBXResourcesBuildPhase section */
		A30040004F50000000000004 /* Resources */ = {
			isa = PBXResourcesBuildPhase;
			buildActionMask = 2147483647;
			files = (A30010004F50000000000004 /* PrivacyInfo.xcprivacy in Resources */);
			runOnlyForDeploymentPostprocessing = 0;
		};
/* End PBXResourcesBuildPhase section */

/* Begin PBXSourcesBuildPhase section */
		A30040003F50000000000003 /* Sources */ = {
			isa = PBXSourcesBuildPhase;
			buildActionMask = 2147483647;
			files = (A30010001F50000000000001 /* MPKitApptimize.m in Sources */);
			runOnlyForDeploymentPostprocessing = 0;
		};
/* End PBXSourcesBuildPhase section */

/* Begin XCBuildConfiguration section */
		A300B001F50000000000001 /* Debug */ = {
			isa = XCBuildConfiguration;
			buildSettings = {
				ALWAYS_SEARCH_USER_PATHS = NO;
				CLANG_ANALYZER_NONNULL = YES;
				CLANG_CXX_LANGUAGE_STANDARD = "gnu++20";
				CLANG_ENABLE_MODULES = YES;
				CLANG_ENABLE_OBJC_ARC = YES;
				IPHONEOS_DEPLOYMENT_TARGET = 15.6;
				SDKROOT = iphoneos;
			};
			name = Debug;
		};
		A300B002F50000000000002 /* Release */ = {
			isa = XCBuildConfiguration;
			buildSettings = {
				ALWAYS_SEARCH_USER_PATHS = NO;
				CLANG_ANALYZER_NONNULL = YES;
				CLANG_CXX_LANGUAGE_STANDARD = "gnu++20";
				CLANG_ENABLE_MODULES = YES;
				CLANG_ENABLE_OBJC_ARC = YES;
				IPHONEOS_DEPLOYMENT_TARGET = 15.6;
				SDKROOT = iphoneos;
			};
			name = Release;
		};
		A300B003F50000000000003 /* Debug */ = {
			isa = XCBuildConfiguration;
			buildSettings = {
				DEFINES_MODULE = YES;
				DYLIB_INSTALL_NAME_BASE = "@rpath";
				INFOPLIST_FILE = Sources/mParticle-Apptimize/Info.plist;
				PRODUCT_BUNDLE_IDENTIFIER = "com.mparticle.mParticle-Apptimize";
				PRODUCT_NAME = "$(TARGET_NAME:c99extidentifier)";
				SKIP_INSTALL = NO;
			};
			name = Debug;
		};
		A300B004F50000000000004 /* Release */ = {
			isa = XCBuildConfiguration;
			buildSettings = {
				DEFINES_MODULE = YES;
				DYLIB_INSTALL_NAME_BASE = "@rpath";
				INFOPLIST_FILE = Sources/mParticle-Apptimize/Info.plist;
				PRODUCT_BUNDLE_IDENTIFIER = "com.mparticle.mParticle-Apptimize";
				PRODUCT_NAME = "$(TARGET_NAME:c99extidentifier)";
				SKIP_INSTALL = NO;
			};
			name = Release;
		};
/* End XCBuildConfiguration section */

/* Begin XCConfigurationList section */
		A30090001F50000000000002 /* Build configuration list for PBXProject "mParticle-Apptimize" */ = {
			isa = XCConfigurationList;
			buildConfigurations = (A300B001F50000000000001 /* Debug */, A300B002F50000000000002 /* Release */);
			defaultConfigurationIsVisible = 0;
			defaultConfigurationName = Release;
		};
		A30070002F50000000000002 /* Build configuration list for PBXNativeTarget "mParticle-Apptimize" */ = {
			isa = XCConfigurationList;
			buildConfigurations = (A300B003F50000000000003 /* Debug */, A300B004F50000000000004 /* Release */);
			defaultConfigurationIsVisible = 0;
			defaultConfigurationName = Release;
		};
/* End XCConfigurationList section */

/* Begin XCLocalSwiftPackageReference section */
		A300A001F50000000000001 /* XCLocalSwiftPackageReference "../../.." */ = {isa = XCLocalSwiftPackageReference; relativePath = "../../.."; };
/* End XCLocalSwiftPackageReference section */

/* Begin XCRemoteSwiftPackageReference section */
		A300A002F50000000000002 /* XCRemoteSwiftPackageReference "apptimize-ios-kit" */ = {
			isa = XCRemoteSwiftPackageReference;
			repositoryURL = "https://github.com/urbanairship/apptimize-ios-kit";
			requirement = {kind = upToNextMajorVersion; minimumVersion = 3.5.25; };
		};
/* End XCRemoteSwiftPackageReference section */

/* Begin XCSwiftPackageProductDependency section */
		A30030001F50000000000001 /* mParticle-Apple-SDK */ = {isa = XCSwiftPackageProductDependency; package = A300A001F50000000000001; productName = "mParticle-Apple-SDK"; };
		A30030002F50000000000002 /* Apptimize */ = {isa = XCSwiftPackageProductDependency; package = A300A002F50000000000002; productName = "Apptimize"; };
/* End XCSwiftPackageProductDependency section */
	};
	rootObject = A30080001F50000000000001 /* Project object */;
}
