// !$*UTF8*$!
{
	archiveVersion = 1;
	classes = {
	};
	objectVersion = 46;
	objects = {

/* Begin PBXBuildFile section */
		DB623AC41CC1988700AE340E /* AppDelegate.swift in Sources */ = {isa = PBXBuildFile; fileRef = DB623AC31CC1988700AE340E /* AppDelegate.swift */; };
		DB623AC61CC1988700AE340E /* ViewController.swift in Sources */ = {isa = PBXBuildFile; fileRef = DB623AC51CC1988700AE340E /* ViewController.swift */; };
		DB623AC91CC1988700AE340E /* Main.storyboard in Resources */ = {isa = PBXBuildFile; fileRef = DB623AC71CC1988700AE340E /* Main.storyboard */; };
		DB623ACB1CC1988700AE340E /* Assets.xcassets in Resources */ = {isa = PBXBuildFile; fileRef = DB623ACA1CC1988700AE340E /* Assets.xcassets */; };
		DB623ACE1CC1988700AE340E /* LaunchScreen.storyboard in Resources */ = {isa = PBXBuildFile; fileRef = DB623ACC1CC1988700AE340E /* LaunchScreen.storyboard */; };
/* End PBXBuildFile section */

/* Begin PBXFileReference section */
		DB623AC01CC1988700AE340E /* KitsExample.app */ = {isa = PBXFileReference; explicitFileType = wrapper.application; includeInIndex = 0; path = KitsExample.app; sourceTree = BUILT_PRODUCTS_DIR; };
		DB623AC31CC1988700AE340E /* AppDelegate.swift */ = {isa = PBXFileReference; lastKnownFileType = sourcecode.swift; path = AppDelegate.swift; sourceTree = "<group>"; };
		DB623AC51CC1988700AE340E /* ViewController.swift */ = {isa = PBXFileReference; lastKnownFileType = sourcecode.swift; path = ViewController.swift; sourceTree = "<group>"; };
		DB623AC81CC1988700AE340E /* Base */ = {isa = PBXFileReference; lastKnownFileType = file.storyboard; name = Base; path = Base.lproj/Main.storyboard; sourceTree = "<group>"; };
		DB623ACA1CC1988700AE340E /* Assets.xcassets */ = {isa = PBXFileReference; lastKnownFileType = folder.assetcatalog; path = Assets.xcassets; sourceTree = "<group>"; };
		DB623ACD1CC1988700AE340E /* Base */ = {isa = PBXFileReference; lastKnownFileType = file.storyboard; name = Base; path = Base.lproj/LaunchScreen.storyboard; sourceTree = "<group>"; };
		DB623ACF1CC1988700AE340E /* Info.plist */ = {isa = PBXFileReference; lastKnownFileType = text.plist.xml; path = Info.plist; sourceTree = "<group>"; };
/* End PBXFileReference section */

/* Begin PBXFrameworksBuildPhase section */
		DB623ABD1CC1988700AE340E /* Frameworks */ = {
			isa = PBXFrameworksBuildPhase;
			buildActionMask = 2147483647;
			files = (
			);
			runOnlyForDeploymentPostprocessing = 0;
		};
/* End PBXFrameworksBuildPhase section */

/* Begin PBXGroup section */
		DB623AB71CC1988700AE340E = {
			isa = PBXGroup;
			children = (
				DB623AC21CC1988700AE340E /* KitsExample */,
				DB623AC11CC1988700AE340E /* Products */,
			);
			sourceTree = "<group>";
		};
		DB623AC11CC1988700AE340E /* Products */ = {
			isa = PBXGroup;
			children = (
				DB623AC01CC1988700AE340E /* KitsExample.app */,
			);
			name = Products;
			sourceTree = "<group>";
		};
		DB623AC21CC1988700AE340E /* KitsExample */ = {
			isa = PBXGroup;
			children = (
				DB623AC31CC1988700AE340E /* AppDelegate.swift */,
				DB623AC51CC1988700AE340E /* ViewController.swift */,
				DB623AC71CC1988700AE340E /* Main.storyboard */,
				DB623ACA1CC1988700AE340E /* Assets.xcassets */,
				DB623ACC1CC1988700AE340E /* LaunchScreen.storyboard */,
				DB623ACF1CC1988700AE340E /* Info.plist */,
			);
			path = KitsExample;
			sourceTree = "<group>";
		};
/* End PBXGroup section */

/* Begin PBXNativeTarget section */
		DB623ABF1CC1988700AE340E /* KitsExample */ = {
			isa = PBXNativeTarget;
			buildConfigurationList = DB623AD21CC1988700AE340E /* Build configuration list for PBXNativeTarget "KitsExample" */;
			buildPhases = (
				DB623ABC1CC1988700AE340E /* Sources */,
				DB623ABD1CC1988700AE340E /* Frameworks */,
				DB623ABE1CC1988700AE340E /* Resources */,
			);
			buildRules = (
			);
			dependencies = (
			);
			name = KitsExample;
			productName = KitsExample;
			productReference = DB623AC01CC1988700AE340E /* KitsExample.app */;
			productType = "com.apple.product-type.application";
		};
/* End PBXNativeTarget section */

/* Begin PBXProject section */
		DB623AB81CC1988700AE340E /* Project object */ = {
			isa = PBXProject;
			attributes = {
				LastSwiftUpdateCheck = 0730;
				LastUpgradeCheck = 0730;
				ORGANIZATIONNAME = mParticle;
				TargetAttributes = {
					DB623ABF1CC1988700AE340E = {
						CreatedOnToolsVersion = 7.3;
						DevelopmentTeam = Q948K5LXGZ;
					};
				};
			};
			buildConfigurationList = DB623ABB1CC1988700AE340E /* Build configuration list for PBXProject "KitsExample" */;
			compatibilityVersion = "Xcode 3.2";
			developmentRegion = English;
			hasScannedForEncodings = 0;
			knownRegions = (
				en,
				Base,
			);
			mainGroup = DB623AB71CC1988700AE340E;
			productRefGroup = DB623AC11CC1988700AE340E /* Products */;
			projectDirPath = "";
			projectRoot = "";
			targets = (
				DB623ABF1CC1988700AE340E /* KitsExample */,
			);
		};
/* End PBXProject section */

/* Begin PBXResourcesBuildPhase section */
		DB623ABE1CC1988700AE340E /* Resources */ = {
			isa = PBXResourcesBuildPhase;
			buildActionMask = 2147483647;
			files = (
				DB623ACE1CC1988700AE340E /* LaunchScreen.storyboard in Resources */,
				DB623ACB1CC1988700AE340E /* Assets.xcassets in Resources */,
				DB623AC91CC1988700AE340E /* Main.storyboard in Resources */,
			);
			runOnlyForDeploymentPostprocessing = 0;
		};
/* End PBXResourcesBuildPhase section */

/* Begin PBXSourcesBuildPhase section */
		DB623ABC1CC1988700AE340E /* Sources */ = {
			isa = PBXSourcesBuildPhase;
			buildActionMask = 2147483647;
			files = (
				DB623AC61CC1988700AE340E /* ViewController.swift in Sources */,
				DB623AC41CC1988700AE340E /* AppDelegate.swift in Sources */,
			);
			runOnlyForDeploymentPostprocessing = 0;
		};
/* End PBXSourcesBuildPhase section */

/* Begin PBXVariantGroup section */
		DB623AC71CC1988700AE340E /* Main.storyboard */ = {
			isa = PBXVariantGroup;
			children = (
				DB623AC81CC1988700AE340E /* Base */,
			);
			name = Main.storyboard;
			sourceTree = "<group>";
		};
		DB623ACC1CC1988700AE340E /* LaunchScreen.storyboard */ = {
			isa = PBXVariantGroup;
			children = (
				DB623ACD1CC1988700AE340E /* Base */,
			);
			name = LaunchScreen.storyboard;
			sourceTree = "<group>";
		};
/* End PBXVariantGroup section */

/* Begin XCBuildConfiguration section */
		DB623AD01CC1988700AE340E /* Debug */ = {
			isa = XCBuildConfiguration;
			buildSettings = {
				ALWAYS_SEARCH_USER_PATHS = NO;
				CLANG_ANALYZER_NONNULL = YES;
				CLANG_CXX_LANGUAGE_STANDARD = "gnu++0x";
				CLANG_CXX_LIBRARY = "libc++";
				CLANG_ENABLE_MODULES = YES;
				CLANG_ENABLE_OBJC_ARC = YES;
				CLANG_WARN_BOOL_CONVERSION = YES;
				CLANG_WARN_CONSTANT_CONVERSION = YES;
				CLANG_WARN_DIRECT_OBJC_ISA_USAGE = YES_ERROR;
				CLANG_WARN_EMPTY_BODY = YES;
				CLANG_WARN_ENUM_CONVERSION = YES;
				CLANG_WARN_INT_CONVERSION = YES;
				CLANG_WARN_OBJC_ROOT_CLASS = YES_ERROR;
				CLANG_WARN_UNREACHABLE_CODE = YES;
				CLANG_WARN__DUPLICATE_METHOD_MATCH = YES;
				"CODE_SIGN_IDENTITY[sdk=iphoneos*]" = "iPhone Developer";
				COPY_PHASE_STRIP = NO;
				DEBUG_INFORMATION_FORMAT = dwarf;
				ENABLE_STRICT_OBJC_MSGSEND = YES;
				ENABLE_TESTABILITY = YES;
				GCC_C_LANGUAGE_STANDARD = gnu99;
				GCC_DYNAMIC_NO_PIC = NO;
				GCC_NO_COMMON_BLOCKS = YES;
				GCC_OPTIMIZATION_LEVEL = 0;
				GCC_PREPROCESSOR_DEFINITIONS = (
					"DEBUG=1",
					"$(inherited)",
				);
				GCC_WARN_64_TO_32_BIT_CONVERSION = YES;
				GCC_WARN_ABOUT_RETURN_TYPE = YES_ERROR;
				GCC_WARN_UNDECLARED_SELECTOR = YES;
				GCC_WARN_UNINITIALIZED_AUTOS = YES_AGGRESSIVE;
				GCC_WARN_UNUSED_FUNCTION = YES;
				GCC_WARN_UNUSED_VARIABLE = YES;
				IPHONEOS_DEPLOYMENT_TARGET = 9.3;
				MTL_ENABLE_DEBUG_INFO = YES;
				ONLY_ACTIVE_ARCH = YES;
				SDKROOT = iphoneos;
				SWIFT_OPTIMIZATION_LEVEL = "-Onone";
				TARGETED_DEVICE_FAMILY = "1,2";
			};
			name = Debug;
		};
		DB623AD11CC1988700AE340E /* Release */ = {
			isa = XCBuildConfiguration;
			buildSettings = {
				ALWAYS_SEARCH_USER_PATHS = NO;
				CLANG_ANALYZER_NONNULL = YES;
				CLANG_CXX_LANGUAGE_STANDARD = "gnu++0x";
				CLANG_CXX_LIBRARY = "libc++";
				CLANG_ENABLE_MODULES = YES;
				CLANG_ENABLE_OBJC_ARC = YES;
				CLANG_WARN_BOOL_CONVERSION = YES;
				CLANG_WARN_CONSTANT_CONVERSION = YES;
				CLANG_WARN_DIRECT_OBJC_ISA_USAGE = YES_ERROR;
				CLANG_WARN_EMPTY_BODY = YES;
				CLANG_WARN_ENUM_CONVERSION = YES;
				CLANG_WARN_INT_CONVERSION = YES;
				CLANG_WARN_OBJC_ROOT_CLASS = YES_ERROR;
				CLANG_WARN_UNREACHABLE_CODE = YES;
				CLANG_WARN__DUPLICATE_METHOD_MATCH = YES;
				"CODE_SIGN_IDENTITY[sdk=iphoneos*]" = "iPhone Developer";
				COPY_PHASE_STRIP = NO;
				DEBUG_INFORMATION_FORMAT = "dwarf-with-dsym";
				ENABLE_NS_ASSERTIONS = NO;
				ENABLE_STRICT_OBJC_MSGSEND = YES;
				GCC_C_LANGUAGE_STANDARD = gnu99;
				GCC_NO_COMMON_BLOCKS = YES;
				GCC_WARN_64_TO_32_BIT_CONVERSION = YES;
				GCC_WARN_ABOUT_RETURN_TYPE = YES_ERROR;
				GCC_WARN_UNDECLARED_SELECTOR = YES;
				GCC_WARN_UNINITIALIZED_AUTOS = YES_AGGRESSIVE;
				GCC_WARN_UNUSED_FUNCTION = YES;
				GCC_WARN_UNUSED_VARIABLE = YES;
				IPHONEOS_DEPLOYMENT_TARGET = 9.3;
				MTL_ENABLE_DEBUG_INFO = NO;
				SDKROOT = iphoneos;
				TARGETED_DEVICE_FAMILY = "1,2";
				VALIDATE_PRODUCT = YES;
			};
			name = Release;
		};
		DB623AD31CC1988700AE340E /* Debug */ = {
			isa = XCBuildConfiguration;
			buildSettings = {
				ASSETCATALOG_COMPILER_APPICON_NAME = AppIcon;
				INFOPLIST_FILE = KitsExample/Info.plist;
				LD_RUNPATH_SEARCH_PATHS = "$(inherited) @executable_path/Frameworks";
				PRODUCT_BUNDLE_IDENTIFIER = com.mparticle.KitsExample;
				PRODUCT_NAME = "$(TARGET_NAME)";
			};
			name = Debug;
		};
		DB623AD41CC1988700AE340E /* Release */ = {
			isa = XCBuildConfiguration;
			buildSettings = {
				ASSETCATALOG_COMPILER_APPICON_NAME = AppIcon;
				INFOPLIST_FILE = KitsExample/Info.plist;
				LD_RUNPATH_SEARCH_PATHS = "$(inherited) @executable_path/Frameworks";
				PRODUCT_BUNDLE_IDENTIFIER = com.mparticle.KitsExample;
				PRODUCT_NAME = "$(TARGET_NAME)";
			};
			name = Release;
		};
/* End XCBuildConfiguration section */

/* Begin XCConfigurationList section */
		DB623ABB1CC1988700AE340E /* Build configuration list for PBXProject "KitsExample" */ = {
			isa = XCConfigurationList;
			buildConfigurations = (
				DB623AD01CC1988700AE340E /* Debug */,
				DB623AD11CC1988700AE340E /* Release */,
			);
			defaultConfigurationIsVisible = 0;
			defaultConfigurationName = Release;
		};
		DB623AD21CC1988700AE340E /* Build configuration list for PBXNativeTarget "KitsExample" */ = {
			isa = XCConfigurationList;
			buildConfigurations = (
				DB623AD31CC1988700AE340E /* Debug */,
				DB623AD41CC1988700AE340E /* Release */,
			);
			defaultConfigurationIsVisible = 0;
		};
/* End XCConfigurationList section */
	};
	rootObject = DB623AB81CC1988700AE340E /* Project object */;
}
