{
  "originHash" : "6dea1f6228d680413f9c871f74ff95c2448080926ba30f9f1af16e214fa50248",
  "pins" : [
    {
      "identity" : "ios-library",
      "kind" : "remoteSourceControl",
      "location" : "https://github.com/urbanairship/ios-library",
      "state" : {
        "revision" : "98e6d9552392e80791c20e382632afab4cbd1ab1",
        "version" : "19.1.2"
      }
    },
    {
      "identity" : "mparticle-apple-sdk",
      "kind" : "remoteSourceControl",
      "location" : "https://github.com/mParticle/mparticle-apple-sdk",
      "state" : {
        "branch" : "workstation/9.0-Release",
        "revision" : "ba020c22b0c93a0e48c423ac62a8e7438224b0e9"
      }
    },
    {
      "identity" : "ocmock",
      "kind" : "remoteSourceControl",
      "location" : "https://github.com/erikdoe/ocmock",
      "state" : {
        "branch" : "master",
        "revision" : "7f6e9e9b6c9ffa19a9040860da9f7a1f202b9f4d"
      }
    }
  ],
  "version" : 3
}
